
Microsoft Visual Studio Solution File, Format Version 12.00
# Visual Studio Version 16
VisualStudioVersion = 16.0.31702.278
MinimumVisualStudioVersion = 10.0.40219.1
Project("{FAE04EC0-301F-11D3-BF4B-00C04F79EFBC}") = "CarStore", "CarStore\CarStore.csproj", "{B6B08702-9946-4F6B-906D-4629A74C9CAC}"
EndProject
Global
	GlobalSection(SolutionConfigurationPlatforms) = preSolution
		Debug|Any CPU = Debug|Any CPU
		Release|Any CPU = Release|Any CPU
	EndGlobalSection
	GlobalSection(ProjectConfigurationPlatforms) = postSolution
		{B6B08702-9946-4F6B-906D-4629A74C9CAC}.Debug|Any CPU.ActiveCfg = Debug|Any CPU
		{B6B08702-9946-4F6B-906D-4629A74C9CAC}.Debug|Any CPU.Build.0 = Debug|Any CPU
		{B6B08702-9946-4F6B-906D-4629A74C9CAC}.Release|Any CPU.ActiveCfg = Release|Any CPU
		{B6B08702-9946-4F6B-906D-4629A74C9CAC}.Release|Any CPU.Build.0 = Release|Any CPU
	EndGlobalSection
	GlobalSection(SolutionProperties) = preSolution
		HideSolutionNode = FALSE
	EndGlobalSection
	GlobalSection(ExtensibilityGlobals) = postSolution
		SolutionGuid = {5DC0368E-625E-4C73-8C60-370271F60330}
	EndGlobalSection
EndGlobal
