
Microsoft Visual Studio Solution File, Format Version 12.00
# Visual Studio Version 16
VisualStudioVersion = 16.0.30517.126
MinimumVisualStudioVersion = 10.0.40219.1
Project("{FAE04EC0-301F-11D3-BF4B-00C04F79EFBC}") = "RightJob", "RightJob\RightJob.csproj", "{EFA2DB76-1560-48B1-B666-8855A99ABBD3}"
EndProject
Project("{FAE04EC0-301F-11D3-BF4B-00C04F79EFBC}") = "RightJob.DAL", "RightJob.DAL\RightJob.DAL.csproj", "{CC774350-8343-4F6E-B226-09062E94132D}"
EndProject
Global
	GlobalSection(SolutionConfigurationPlatforms) = preSolution
		Debug|Any CPU = Debug|Any CPU
		Release|Any CPU = Release|Any CPU
	EndGlobalSection
	GlobalSection(ProjectConfigurationPlatforms) = postSolution
		{EFA2DB76-1560-48B1-B666-8855A99ABBD3}.Debug|Any CPU.ActiveCfg = Debug|Any CPU
		{EFA2DB76-1560-48B1-B666-8855A99ABBD3}.Debug|Any CPU.Build.0 = Debug|Any CPU
		{EFA2DB76-1560-48B1-B666-8855A99ABBD3}.Release|Any CPU.ActiveCfg = Release|Any CPU
		{EFA2DB76-1560-48B1-B666-8855A99ABBD3}.Release|Any CPU.Build.0 = Release|Any CPU
		{CC774350-8343-4F6E-B226-09062E94132D}.Debug|Any CPU.ActiveCfg = Debug|Any CPU
		{CC774350-8343-4F6E-B226-09062E94132D}.Debug|Any CPU.Build.0 = Debug|Any CPU
		{CC774350-8343-4F6E-B226-09062E94132D}.Release|Any CPU.ActiveCfg = Release|Any CPU
		{CC774350-8343-4F6E-B226-09062E94132D}.Release|Any CPU.Build.0 = Release|Any CPU
	EndGlobalSection
	GlobalSection(SolutionProperties) = preSolution
		HideSolutionNode = FALSE
	EndGlobalSection
	GlobalSection(ExtensibilityGlobals) = postSolution
		SolutionGuid = {2F82B3EE-0A4C-4D12-8926-62395911F7BC}
	EndGlobalSection
EndGlobal
